
Microsoft Visual Studio Solution File, Format Version 12.00
# Visual Studio 14
VisualStudioVersion = 14.0.25420.1
MinimumVisualStudioVersion = 10.0.40219.1
Project("{FAE04EC0-301F-11D3-BF4B-00C04F79EFBC}") = "MeasureMyPike.Application", "MeasureMyPike.Application\MeasureMyPike.Application.csproj", "{9B400F01-54CE-4910-8213-FCA4BBCEB6C0}"
EndProject
Project("{FAE04EC0-301F-11D3-BF4B-00C04F79EFBC}") = "MeasureMyPike.Tests", "MeasureMyPike.Tests\MeasureMyPike.Tests.csproj", "{3CEDC713-9C4E-4BCB-80CD-D68107CC902C}"
EndProject
Project("{FAE04EC0-301F-11D3-BF4B-00C04F79EFBC}") = "MeasureMyPike.Web", "MeasureMyPike.Web\MeasureMyPike.Web.csproj", "{08BE3770-070A-4990-B308-97507B6A0F24}"
EndProject
Project("{FAE04EC0-301F-11D3-BF4B-00C04F79EFBC}") = "MeasureMyPike.Domain", "MeasureMyPike.Domain\MeasureMyPike.Domain.csproj", "{B364582C-4E96-4A03-B15F-F91C93C0F6D7}"
EndProject
Global
	GlobalSection(SolutionConfigurationPlatforms) = preSolution
		Debug|Any CPU = Debug|Any CPU
		Release|Any CPU = Release|Any CPU
	EndGlobalSection
	GlobalSection(ProjectConfigurationPlatforms) = postSolution
		{9B400F01-54CE-4910-8213-FCA4BBCEB6C0}.Debug|Any CPU.ActiveCfg = Debug|Any CPU
		{9B400F01-54CE-4910-8213-FCA4BBCEB6C0}.Debug|Any CPU.Build.0 = Debug|Any CPU
		{9B400F01-54CE-4910-8213-FCA4BBCEB6C0}.Release|Any CPU.ActiveCfg = Release|Any CPU
		{9B400F01-54CE-4910-8213-FCA4BBCEB6C0}.Release|Any CPU.Build.0 = Release|Any CPU
		{3CEDC713-9C4E-4BCB-80CD-D68107CC902C}.Debug|Any CPU.ActiveCfg = Debug|Any CPU
		{3CEDC713-9C4E-4BCB-80CD-D68107CC902C}.Debug|Any CPU.Build.0 = Debug|Any CPU
		{3CEDC713-9C4E-4BCB-80CD-D68107CC902C}.Release|Any CPU.ActiveCfg = Release|Any CPU
		{3CEDC713-9C4E-4BCB-80CD-D68107CC902C}.Release|Any CPU.Build.0 = Release|Any CPU
		{08BE3770-070A-4990-B308-97507B6A0F24}.Debug|Any CPU.ActiveCfg = Debug|Any CPU
		{08BE3770-070A-4990-B308-97507B6A0F24}.Debug|Any CPU.Build.0 = Debug|Any CPU
		{08BE3770-070A-4990-B308-97507B6A0F24}.Release|Any CPU.ActiveCfg = Release|Any CPU
		{08BE3770-070A-4990-B308-97507B6A0F24}.Release|Any CPU.Build.0 = Release|Any CPU
		{B364582C-4E96-4A03-B15F-F91C93C0F6D7}.Debug|Any CPU.ActiveCfg = Debug|Any CPU
		{B364582C-4E96-4A03-B15F-F91C93C0F6D7}.Debug|Any CPU.Build.0 = Debug|Any CPU
		{B364582C-4E96-4A03-B15F-F91C93C0F6D7}.Release|Any CPU.ActiveCfg = Release|Any CPU
		{B364582C-4E96-4A03-B15F-F91C93C0F6D7}.Release|Any CPU.Build.0 = Release|Any CPU
	EndGlobalSection
	GlobalSection(SolutionProperties) = preSolution
		HideSolutionNode = FALSE
	EndGlobalSection
EndGlobal
